
Microsoft Visual Studio Solution File, Format Version 12.00
# Visual Studio 15
VisualStudioVersion = 15.0.28010.2016
MinimumVisualStudioVersion = 10.0.40219.1
Project("{9A19103F-16F7-4668-BE54-9A1E7A4F7556}") = "PreferredCustomerPolicy", "AmericanAirlines.PreferredCustomerPolicy\PreferredCustomerPolicy.csproj", "{41F3046C-5956-477A-A80E-E5045BD8A448}"
EndProject
Project("{FAE04EC0-301F-11D3-BF4B-00C04F79EFBC}") = "Messages", "Messages\Messages.csproj", "{A7E34B71-EE10-4C1A-9E19-1D6980A1D577}"
EndProject
Project("{9A19103F-16F7-4668-BE54-9A1E7A4F7556}") = "NewlyAddedGoldCustomers", "NotifyNewlyAddedGoldCustomers\NewlyAddedGoldCustomers.csproj", "{7952F0C3-9092-41B5-BB91-961E4810B9AC}"
EndProject
Global
	GlobalSection(SolutionConfigurationPlatforms) = preSolution
		Debug|Any CPU = Debug|Any CPU
		Release|Any CPU = Release|Any CPU
	EndGlobalSection
	GlobalSection(ProjectConfigurationPlatforms) = postSolution
		{41F3046C-5956-477A-A80E-E5045BD8A448}.Debug|Any CPU.ActiveCfg = Debug|Any CPU
		{41F3046C-5956-477A-A80E-E5045BD8A448}.Debug|Any CPU.Build.0 = Debug|Any CPU
		{41F3046C-5956-477A-A80E-E5045BD8A448}.Release|Any CPU.ActiveCfg = Release|Any CPU
		{41F3046C-5956-477A-A80E-E5045BD8A448}.Release|Any CPU.Build.0 = Release|Any CPU
		{A7E34B71-EE10-4C1A-9E19-1D6980A1D577}.Debug|Any CPU.ActiveCfg = Debug|Any CPU
		{A7E34B71-EE10-4C1A-9E19-1D6980A1D577}.Debug|Any CPU.Build.0 = Debug|Any CPU
		{A7E34B71-EE10-4C1A-9E19-1D6980A1D577}.Release|Any CPU.ActiveCfg = Release|Any CPU
		{A7E34B71-EE10-4C1A-9E19-1D6980A1D577}.Release|Any CPU.Build.0 = Release|Any CPU
		{7952F0C3-9092-41B5-BB91-961E4810B9AC}.Debug|Any CPU.ActiveCfg = Debug|Any CPU
		{7952F0C3-9092-41B5-BB91-961E4810B9AC}.Debug|Any CPU.Build.0 = Debug|Any CPU
		{7952F0C3-9092-41B5-BB91-961E4810B9AC}.Release|Any CPU.ActiveCfg = Release|Any CPU
		{7952F0C3-9092-41B5-BB91-961E4810B9AC}.Release|Any CPU.Build.0 = Release|Any CPU
	EndGlobalSection
	GlobalSection(SolutionProperties) = preSolution
		HideSolutionNode = FALSE
	EndGlobalSection
	GlobalSection(ExtensibilityGlobals) = postSolution
		SolutionGuid = {9E88F9D6-8BCE-439E-8AE7-6FCFFCE23DD2}
	EndGlobalSection
EndGlobal
